
Microsoft Visual Studio Solution File, Format Version 12.00
# Visual Studio Version 16
VisualStudioVersion = 16.0.29806.167
MinimumVisualStudioVersion = 10.0.40219.1
Project("{9A19103F-16F7-4668-BE54-9A1E7A4F7556}") = "DotNetAnalyzers", "DotNetAnalyzers\DotNetAnalyzers\DotNetAnalyzers.csproj", "{CA7673C1-6A0A-4A65-85BE-38CA705407D8}"
EndProject
Project("{9A19103F-16F7-4668-BE54-9A1E7A4F7556}") = "DotNetAnalyzers.Test", "DotNetAnalyzers\DotNetAnalyzers.Test\DotNetAnalyzers.Test.csproj", "{2210B2FF-7CCF-4746-8185-A4159B7D6205}"
EndProject
Project("{FAE04EC0-301F-11D3-BF4B-00C04F79EFBC}") = "DotNetAnalyzers.Vsix", "DotNetAnalyzers\DotNetAnalyzers.Vsix\DotNetAnalyzers.Vsix.csproj", "{522389C5-1E83-4943-8DE9-04135AE9D110}"
EndProject
Project("{2150E333-8FDC-42A3-9474-1A3956D46DE8}") = "Solution Items", "Solution Items", "{6CECC73E-B17E-4CD5-A047-D06608FFF9F6}"
	ProjectSection(SolutionItems) = preProject
		.editorconfig = .editorconfig
	EndProjectSection
EndProject
Project("{D954291E-2A0B-460D-934E-DC6B0785DB48}") = "Analyzer.Utilities", "roslyn-analyzers\src\Utilities\Compiler\Analyzer.Utilities.shproj", "{EC946164-1E17-410B-B7D9-7DE7E6268D63}"
EndProject
Project("{D954291E-2A0B-460D-934E-DC6B0785DB48}") = "FlowAnalysis.Utilities", "roslyn-analyzers\src\Utilities\FlowAnalysis\FlowAnalysis.Utilities.shproj", "{FCB56CBA-FA35-46A8-86B7-BAE5433197D9}"
EndProject
Project("{D954291E-2A0B-460D-934E-DC6B0785DB48}") = "Workspaces.Utilities", "roslyn-analyzers\src\Utilities\Workspaces\Workspaces.Utilities.shproj", "{99F594B1-3916-471D-A761-A6731FC50E9A}"
EndProject
Project("{2150E333-8FDC-42A3-9474-1A3956D46DE8}") = "Submodules", "Submodules", "{F589E483-BF87-4D73-9797-7C3AE7FE04B0}"
EndProject
Global
	GlobalSection(SharedMSBuildProjectFiles) = preSolution
		roslyn-analyzers\src\Utilities\Workspaces\Workspaces.Utilities.projitems*{99f594b1-3916-471d-a761-a6731fc50e9a}*SharedItemsImports = 13
		roslyn-analyzers\src\Utilities\Compiler\Analyzer.Utilities.projitems*{ca7673c1-6a0a-4a65-85be-38ca705407d8}*SharedItemsImports = 5
		roslyn-analyzers\src\Utilities\FlowAnalysis\FlowAnalysis.Utilities.projitems*{ca7673c1-6a0a-4a65-85be-38ca705407d8}*SharedItemsImports = 5
		roslyn-analyzers\src\Utilities\Workspaces\Workspaces.Utilities.projitems*{ca7673c1-6a0a-4a65-85be-38ca705407d8}*SharedItemsImports = 5
		roslyn-analyzers\src\Utilities\Compiler\Analyzer.Utilities.projitems*{ec946164-1e17-410b-b7d9-7de7e6268d63}*SharedItemsImports = 13
		roslyn-analyzers\src\Utilities\FlowAnalysis\FlowAnalysis.Utilities.projitems*{fcb56cba-fa35-46a8-86b7-bae5433197d9}*SharedItemsImports = 13
	EndGlobalSection
	GlobalSection(SolutionConfigurationPlatforms) = preSolution
		Debug|Any CPU = Debug|Any CPU
		Release|Any CPU = Release|Any CPU
	EndGlobalSection
	GlobalSection(ProjectConfigurationPlatforms) = postSolution
		{CA7673C1-6A0A-4A65-85BE-38CA705407D8}.Debug|Any CPU.ActiveCfg = Debug|Any CPU
		{CA7673C1-6A0A-4A65-85BE-38CA705407D8}.Debug|Any CPU.Build.0 = Debug|Any CPU
		{CA7673C1-6A0A-4A65-85BE-38CA705407D8}.Release|Any CPU.ActiveCfg = Release|Any CPU
		{CA7673C1-6A0A-4A65-85BE-38CA705407D8}.Release|Any CPU.Build.0 = Release|Any CPU
		{2210B2FF-7CCF-4746-8185-A4159B7D6205}.Debug|Any CPU.ActiveCfg = Debug|Any CPU
		{2210B2FF-7CCF-4746-8185-A4159B7D6205}.Debug|Any CPU.Build.0 = Debug|Any CPU
		{2210B2FF-7CCF-4746-8185-A4159B7D6205}.Release|Any CPU.ActiveCfg = Release|Any CPU
		{2210B2FF-7CCF-4746-8185-A4159B7D6205}.Release|Any CPU.Build.0 = Release|Any CPU
		{522389C5-1E83-4943-8DE9-04135AE9D110}.Debug|Any CPU.ActiveCfg = Debug|Any CPU
		{522389C5-1E83-4943-8DE9-04135AE9D110}.Debug|Any CPU.Build.0 = Debug|Any CPU
		{522389C5-1E83-4943-8DE9-04135AE9D110}.Release|Any CPU.ActiveCfg = Release|Any CPU
		{522389C5-1E83-4943-8DE9-04135AE9D110}.Release|Any CPU.Build.0 = Release|Any CPU
	EndGlobalSection
	GlobalSection(SolutionProperties) = preSolution
		HideSolutionNode = FALSE
	EndGlobalSection
	GlobalSection(NestedProjects) = preSolution
		{EC946164-1E17-410B-B7D9-7DE7E6268D63} = {F589E483-BF87-4D73-9797-7C3AE7FE04B0}
		{FCB56CBA-FA35-46A8-86B7-BAE5433197D9} = {F589E483-BF87-4D73-9797-7C3AE7FE04B0}
		{99F594B1-3916-471D-A761-A6731FC50E9A} = {F589E483-BF87-4D73-9797-7C3AE7FE04B0}
	EndGlobalSection
	GlobalSection(ExtensibilityGlobals) = postSolution
		SolutionGuid = {FDF5A9B6-4918-4B7A-B7D2-5CEED6578034}
	EndGlobalSection
EndGlobal
